
Microsoft Visual Studio Solution File, Format Version 12.00
Project("{FAE04EC0-301F-11D3-BF4B-00C04F79EFBC}") = "RegresiveCountdown", "RegresiveCountdown\RegresiveCountdown.csproj", "{47F7ECD4-FB93-4A53-88AC-BC8D3D67322F}"
EndProject
Global
	GlobalSection(SolutionConfigurationPlatforms) = preSolution
		Debug|Any CPU = Debug|Any CPU
		Release|Any CPU = Release|Any CPU
	EndGlobalSection
	GlobalSection(ProjectConfigurationPlatforms) = postSolution
		{47F7ECD4-FB93-4A53-88AC-BC8D3D67322F}.Debug|Any CPU.ActiveCfg = Debug|Any CPU
		{47F7ECD4-FB93-4A53-88AC-BC8D3D67322F}.Debug|Any CPU.Build.0 = Debug|Any CPU
		{47F7ECD4-FB93-4A53-88AC-BC8D3D67322F}.Release|Any CPU.ActiveCfg = Release|Any CPU
		{47F7ECD4-FB93-4A53-88AC-BC8D3D67322F}.Release|Any CPU.Build.0 = Release|Any CPU
	EndGlobalSection
EndGlobal
